
Microsoft Visual Studio Solution File, Format Version 12.00
# Visual Studio Version 17
VisualStudioVersion = 17.4.33213.308
MinimumVisualStudioVersion = 10.0.40219.1
Project("{FAE04EC0-301F-11D3-BF4B-00C04F79EFBC}") = "SOA3_EindOpdracht_App", "SOA3_EindOpdracht_App.csproj", "{538DF9EF-D8AB-437B-92B0-1C5545A425F8}"
EndProject
Project("{FAE04EC0-301F-11D3-BF4B-00C04F79EFBC}") = "ProjectManagementSystem.Core.Domain", "..\ProjectManagementSystem.Core.Domain\ProjectManagementSystem.Core.Domain.csproj", "{D6BD9935-ADAA-416E-B8C4-9F1816C3FB93}"
EndProject
Project("{FAE04EC0-301F-11D3-BF4B-00C04F79EFBC}") = "ProjectManagementSystem.Core.DomainServices", "..\ProjectManagementSystem.Core.DomainServices\ProjectManagementSystem.Core.DomainServices.csproj", "{B8DF2EEB-09B9-4409-BBE4-6B4ADBFB2487}"
EndProject
Project("{FAE04EC0-301F-11D3-BF4B-00C04F79EFBC}") = "ProjectManagementSystem.Infrastructure", "..\ProjectManagementSystem.Infrastructure\ProjectManagementSystem.Infrastructure.csproj", "{FA5C6A55-C786-4488-9763-453DC7CD6D5A}"
EndProject
Project("{FAE04EC0-301F-11D3-BF4B-00C04F79EFBC}") = "ProjectManagementSystem.ApplicationServices", "..\ProjectManagement.ApplicationServices\ProjectManagementSystem.ApplicationServices.csproj", "{FEE1FD27-D3B8-4CC8-9BE6-1D2B591A511C}"
EndProject
Project("{FAE04EC0-301F-11D3-BF4B-00C04F79EFBC}") = "ProjectManagementSystem.Tests", "..\ProjectManagement.Tests\ProjectManagementSystem.Tests.csproj", "{AC4E8A19-356F-4B67-A8BF-1074203E6EA1}"
EndProject
Global
	GlobalSection(SolutionConfigurationPlatforms) = preSolution
		Debug|Any CPU = Debug|Any CPU
		Release|Any CPU = Release|Any CPU
	EndGlobalSection
	GlobalSection(ProjectConfigurationPlatforms) = postSolution
		{538DF9EF-D8AB-437B-92B0-1C5545A425F8}.Debug|Any CPU.ActiveCfg = Debug|Any CPU
		{538DF9EF-D8AB-437B-92B0-1C5545A425F8}.Debug|Any CPU.Build.0 = Debug|Any CPU
		{538DF9EF-D8AB-437B-92B0-1C5545A425F8}.Release|Any CPU.ActiveCfg = Release|Any CPU
		{538DF9EF-D8AB-437B-92B0-1C5545A425F8}.Release|Any CPU.Build.0 = Release|Any CPU
		{D6BD9935-ADAA-416E-B8C4-9F1816C3FB93}.Debug|Any CPU.ActiveCfg = Debug|Any CPU
		{D6BD9935-ADAA-416E-B8C4-9F1816C3FB93}.Debug|Any CPU.Build.0 = Debug|Any CPU
		{D6BD9935-ADAA-416E-B8C4-9F1816C3FB93}.Release|Any CPU.ActiveCfg = Release|Any CPU
		{D6BD9935-ADAA-416E-B8C4-9F1816C3FB93}.Release|Any CPU.Build.0 = Release|Any CPU
		{B8DF2EEB-09B9-4409-BBE4-6B4ADBFB2487}.Debug|Any CPU.ActiveCfg = Debug|Any CPU
		{B8DF2EEB-09B9-4409-BBE4-6B4ADBFB2487}.Debug|Any CPU.Build.0 = Debug|Any CPU
		{B8DF2EEB-09B9-4409-BBE4-6B4ADBFB2487}.Release|Any CPU.ActiveCfg = Release|Any CPU
		{B8DF2EEB-09B9-4409-BBE4-6B4ADBFB2487}.Release|Any CPU.Build.0 = Release|Any CPU
		{FA5C6A55-C786-4488-9763-453DC7CD6D5A}.Debug|Any CPU.ActiveCfg = Debug|Any CPU
		{FA5C6A55-C786-4488-9763-453DC7CD6D5A}.Debug|Any CPU.Build.0 = Debug|Any CPU
		{FA5C6A55-C786-4488-9763-453DC7CD6D5A}.Release|Any CPU.ActiveCfg = Release|Any CPU
		{FA5C6A55-C786-4488-9763-453DC7CD6D5A}.Release|Any CPU.Build.0 = Release|Any CPU
		{FEE1FD27-D3B8-4CC8-9BE6-1D2B591A511C}.Debug|Any CPU.ActiveCfg = Debug|Any CPU
		{FEE1FD27-D3B8-4CC8-9BE6-1D2B591A511C}.Debug|Any CPU.Build.0 = Debug|Any CPU
		{FEE1FD27-D3B8-4CC8-9BE6-1D2B591A511C}.Release|Any CPU.ActiveCfg = Release|Any CPU
		{FEE1FD27-D3B8-4CC8-9BE6-1D2B591A511C}.Release|Any CPU.Build.0 = Release|Any CPU
		{AC4E8A19-356F-4B67-A8BF-1074203E6EA1}.Debug|Any CPU.ActiveCfg = Debug|Any CPU
		{AC4E8A19-356F-4B67-A8BF-1074203E6EA1}.Debug|Any CPU.Build.0 = Debug|Any CPU
		{AC4E8A19-356F-4B67-A8BF-1074203E6EA1}.Release|Any CPU.ActiveCfg = Release|Any CPU
		{AC4E8A19-356F-4B67-A8BF-1074203E6EA1}.Release|Any CPU.Build.0 = Release|Any CPU
	EndGlobalSection
	GlobalSection(SolutionProperties) = preSolution
		HideSolutionNode = FALSE
	EndGlobalSection
	GlobalSection(ExtensibilityGlobals) = postSolution
		SolutionGuid = {A1243F54-16CE-4872-9AA9-BA3BCB6A0902}
	EndGlobalSection
EndGlobal
